// !$*UTF8*$!
{
	archiveVersion = 1;
	classes = {
	};
	objectVersion = 56;
	objects = {

/* Begin PBXBuildFile section */
		D16D8BC32C50D84E00AF7677 /* LikesViewController.swift in Sources */ = {isa = PBXBuildFile; fileRef = D16D8BC22C50D84E00AF7677 /* LikesViewController.swift */; };
		D16D8BC52C50DDE000AF7677 /* RealmModel.swift in Sources */ = {isa = PBXBuildFile; fileRef = D16D8BC42C50DDE000AF7677 /* RealmModel.swift */; };
		D16D8BC72C50E1C700AF7677 /* LikeRepository.swift in Sources */ = {isa = PBXBuildFile; fileRef = D16D8BC62C50E1C700AF7677 /* LikeRepository.swift */; };
		D16D8BCA2C512DE900AF7677 /* LikesViewModel.swift in Sources */ = {isa = PBXBuildFile; fileRef = D16D8BC92C512DE900AF7677 /* LikesViewModel.swift */; };
		D16D8BCF2C514D3000AF7677 /* DetailPhotoViewController.swift in Sources */ = {isa = PBXBuildFile; fileRef = D16D8BCE2C514D3000AF7677 /* DetailPhotoViewController.swift */; };
		D16D8BD12C51D4FC00AF7677 /* DetailPhotoViewModel.swift in Sources */ = {isa = PBXBuildFile; fileRef = D16D8BD02C51D4FC00AF7677 /* DetailPhotoViewModel.swift */; };
		D16D8BEE2C52392A00AF7677 /* Extension+String.swift in Sources */ = {isa = PBXBuildFile; fileRef = D16D8BED2C52392A00AF7677 /* Extension+String.swift */; };
		D16D8BF02C524D8000AF7677 /* Statistics.swift in Sources */ = {isa = PBXBuildFile; fileRef = D16D8BEF2C524D8000AF7677 /* Statistics.swift */; };
		D16D8BF22C52628600AF7677 /* RandomPhotoViewController.swift in Sources */ = {isa = PBXBuildFile; fileRef = D16D8BF12C52628600AF7677 /* RandomPhotoViewController.swift */; };
		D16D8BF42C5266E900AF7677 /* RandomPhotoCell.swift in Sources */ = {isa = PBXBuildFile; fileRef = D16D8BF32C5266E900AF7677 /* RandomPhotoCell.swift */; };
		D16D8BF62C526DE100AF7677 /* RandomPhotoViewModel.swift in Sources */ = {isa = PBXBuildFile; fileRef = D16D8BF52C526DE100AF7677 /* RandomPhotoViewModel.swift */; };
		D16D8BF82C527F5800AF7677 /* Topic.swift in Sources */ = {isa = PBXBuildFile; fileRef = D16D8BF72C527F5800AF7677 /* Topic.swift */; };
		D16D8BFA2C534DF100AF7677 /* PhotoColor.swift in Sources */ = {isa = PBXBuildFile; fileRef = D16D8BF92C534DF100AF7677 /* PhotoColor.swift */; };
		D16D8BFC2C53610000AF7677 /* ColorFilterCell.swift in Sources */ = {isa = PBXBuildFile; fileRef = D16D8BFB2C53610000AF7677 /* ColorFilterCell.swift */; };
		D16D8C672C54C29500AF7677 /* AreaChart.swift in Sources */ = {isa = PBXBuildFile; fileRef = D16D8C662C54C29500AF7677 /* AreaChart.swift */; };
		D16D8C692C561A3E00AF7677 /* Extension+FileManger.swift in Sources */ = {isa = PBXBuildFile; fileRef = D16D8C682C561A3E00AF7677 /* Extension+FileManger.swift */; };
		D1E8B14A2C4E1568009B3D81 /* AppDelegate.swift in Sources */ = {isa = PBXBuildFile; fileRef = D1E8B1492C4E1568009B3D81 /* AppDelegate.swift */; };
		D1E8B14C2C4E1568009B3D81 /* SceneDelegate.swift in Sources */ = {isa = PBXBuildFile; fileRef = D1E8B14B2C4E1568009B3D81 /* SceneDelegate.swift */; };
		D1E8B14E2C4E1568009B3D81 /* OnBoardingViewController.swift in Sources */ = {isa = PBXBuildFile; fileRef = D1E8B14D2C4E1568009B3D81 /* OnBoardingViewController.swift */; };
		D1E8B1532C4E1569009B3D81 /* Assets.xcassets in Resources */ = {isa = PBXBuildFile; fileRef = D1E8B1522C4E1569009B3D81 /* Assets.xcassets */; };
		D1E8B1562C4E1569009B3D81 /* Base in Resources */ = {isa = PBXBuildFile; fileRef = D1E8B1552C4E1569009B3D81 /* Base */; };
		D1E8B15E2C4E161F009B3D81 /* .gitignore in Resources */ = {isa = PBXBuildFile; fileRef = D1E8B15D2C4E161F009B3D81 /* .gitignore */; };
		D1E8B1602C4E16A7009B3D81 /* APIKey.swift in Sources */ = {isa = PBXBuildFile; fileRef = D1E8B15F2C4E16A7009B3D81 /* APIKey.swift */; };
		D1E8B1632C4E175C009B3D81 /* SnapKit in Frameworks */ = {isa = PBXBuildFile; productRef = D1E8B1622C4E175C009B3D81 /* SnapKit */; };
		D1E8B1662C4E1764009B3D81 /* Toast in Frameworks */ = {isa = PBXBuildFile; productRef = D1E8B1652C4E1764009B3D81 /* Toast */; };
		D1E8B1692C4E176E009B3D81 /* Kingfisher in Frameworks */ = {isa = PBXBuildFile; productRef = D1E8B1682C4E176E009B3D81 /* Kingfisher */; };
		D1E8B16C2C4E1778009B3D81 /* Alamofire in Frameworks */ = {isa = PBXBuildFile; productRef = D1E8B16B2C4E1778009B3D81 /* Alamofire */; };
		D1E8B16F2C4E17A9009B3D81 /* RealmSwift in Frameworks */ = {isa = PBXBuildFile; productRef = D1E8B16E2C4E17A9009B3D81 /* RealmSwift */; };
		D1E8B1702C4E17C1009B3D81 /* RealmSwift in Embed Frameworks */ = {isa = PBXBuildFile; productRef = D1E8B16E2C4E17A9009B3D81 /* RealmSwift */; settings = {ATTRIBUTES = (CodeSignOnCopy, ); }; };
		D1E8B1762C4E18DB009B3D81 /* ReuseIdentifier.swift in Sources */ = {isa = PBXBuildFile; fileRef = D1E8B1752C4E18DB009B3D81 /* ReuseIdentifier.swift */; };
		D1E8B1782C4E1996009B3D81 /* BaseViewController.swift in Sources */ = {isa = PBXBuildFile; fileRef = D1E8B1772C4E1996009B3D81 /* BaseViewController.swift */; };
		D1E8B17B2C4E19C4009B3D81 /* Color.swift in Sources */ = {isa = PBXBuildFile; fileRef = D1E8B17A2C4E19C4009B3D81 /* Color.swift */; };
		D1E8B17D2C4E1A89009B3D81 /* BaseCollectionViewCell.swift in Sources */ = {isa = PBXBuildFile; fileRef = D1E8B17C2C4E1A89009B3D81 /* BaseCollectionViewCell.swift */; };
		D1E8B17F2C4E1F85009B3D81 /* Observable.swift in Sources */ = {isa = PBXBuildFile; fileRef = D1E8B17E2C4E1F85009B3D81 /* Observable.swift */; };
		D1E8B1812C4E236E009B3D81 /* SceneManger.swift in Sources */ = {isa = PBXBuildFile; fileRef = D1E8B1802C4E236E009B3D81 /* SceneManger.swift */; };
		D1E8B1842C4E2401009B3D81 /* UserDefaults.swift in Sources */ = {isa = PBXBuildFile; fileRef = D1E8B1832C4E2401009B3D81 /* UserDefaults.swift */; };
		D1E8B1862C4E2463009B3D81 /* UserDefaultsManager.swift in Sources */ = {isa = PBXBuildFile; fileRef = D1E8B1852C4E2463009B3D81 /* UserDefaultsManager.swift */; };
		D1E8B1892C4E2520009B3D81 /* User.swift in Sources */ = {isa = PBXBuildFile; fileRef = D1E8B1882C4E2520009B3D81 /* User.swift */; };
		D1E8B18B2C4E25C8009B3D81 /* Image.swift in Sources */ = {isa = PBXBuildFile; fileRef = D1E8B18A2C4E25C8009B3D81 /* Image.swift */; };
		D1E8B18E2C4E2D53009B3D81 /* CustomButton.swift in Sources */ = {isa = PBXBuildFile; fileRef = D1E8B18D2C4E2D53009B3D81 /* CustomButton.swift */; };
		D1E8B1912C4E315E009B3D81 /* ProfileViewController.swift in Sources */ = {isa = PBXBuildFile; fileRef = D1E8B1902C4E315E009B3D81 /* ProfileViewController.swift */; };
		D1E8B1932C4E3250009B3D81 /* CircleImageView.swift in Sources */ = {isa = PBXBuildFile; fileRef = D1E8B1922C4E3250009B3D81 /* CircleImageView.swift */; };
		D1E8B1952C4E3293009B3D81 /* NicknameTextField.swift in Sources */ = {isa = PBXBuildFile; fileRef = D1E8B1942C4E3293009B3D81 /* NicknameTextField.swift */; };
		D1E8B1982C4E3649009B3D81 /* ProfileViewModel.swift in Sources */ = {isa = PBXBuildFile; fileRef = D1E8B1972C4E3649009B3D81 /* ProfileViewModel.swift */; };
		D1E8B19B2C4E367C009B3D81 /* TextFieldState.swift in Sources */ = {isa = PBXBuildFile; fileRef = D1E8B19A2C4E367C009B3D81 /* TextFieldState.swift */; };
		D1E8B19D2C4E36CB009B3D81 /* ValidationError.swift in Sources */ = {isa = PBXBuildFile; fileRef = D1E8B19C2C4E36CB009B3D81 /* ValidationError.swift */; };
		D1E8B19F2C4E376A009B3D81 /* TabBarController.swift in Sources */ = {isa = PBXBuildFile; fileRef = D1E8B19E2C4E376A009B3D81 /* TabBarController.swift */; };
		D1E8B1A12C4E3F5D009B3D81 /* MBTIView.swift in Sources */ = {isa = PBXBuildFile; fileRef = D1E8B1A02C4E3F5D009B3D81 /* MBTIView.swift */; };
		D1E8B1A32C4E3FBA009B3D81 /* BaseView.swift in Sources */ = {isa = PBXBuildFile; fileRef = D1E8B1A22C4E3FBA009B3D81 /* BaseView.swift */; };
		D1E8B1A62C4E4845009B3D81 /* MBTICell.swift in Sources */ = {isa = PBXBuildFile; fileRef = D1E8B1A52C4E4845009B3D81 /* MBTICell.swift */; };
		D1E8B1A82C4E7FCA009B3D81 /* ProfileImageViewController.swift in Sources */ = {isa = PBXBuildFile; fileRef = D1E8B1A72C4E7FCA009B3D81 /* ProfileImageViewController.swift */; };
		D1E8B1AA2C4E80B5009B3D81 /* ProfileImageCell.swift in Sources */ = {isa = PBXBuildFile; fileRef = D1E8B1A92C4E80B5009B3D81 /* ProfileImageCell.swift */; };
		D1E8B1AC2C4E8123009B3D81 /* NaviTitle.swift in Sources */ = {isa = PBXBuildFile; fileRef = D1E8B1AB2C4E8123009B3D81 /* NaviTitle.swift */; };
		D1E8B1AE2C4E81E0009B3D81 /* ProfileImageViewModel.swift in Sources */ = {isa = PBXBuildFile; fileRef = D1E8B1AD2C4E81E0009B3D81 /* ProfileImageViewModel.swift */; };
		D1E8B1B02C4F2867009B3D81 /* SearchPhotoViewController.swift in Sources */ = {isa = PBXBuildFile; fileRef = D1E8B1AF2C4F2867009B3D81 /* SearchPhotoViewController.swift */; };
		D1E8B1B22C4F3902009B3D81 /* PhotoCell.swift in Sources */ = {isa = PBXBuildFile; fileRef = D1E8B1B12C4F3902009B3D81 /* PhotoCell.swift */; };
		D1E8B1BB2C4F71FA009B3D81 /* Photos.swift in Sources */ = {isa = PBXBuildFile; fileRef = D1E8B1BA2C4F71FA009B3D81 /* Photos.swift */; };
		D1E8B1E42C4F913A009B3D81 /* NetworkManager.swift in Sources */ = {isa = PBXBuildFile; fileRef = D1E8B1E32C4F913A009B3D81 /* NetworkManager.swift */; };
		D1E8B1E62C4F914E009B3D81 /* APIError.swift in Sources */ = {isa = PBXBuildFile; fileRef = D1E8B1E52C4F914E009B3D81 /* APIError.swift */; };
		D1E8B1E82C4F9179009B3D81 /* PhotoAPI.swift in Sources */ = {isa = PBXBuildFile; fileRef = D1E8B1E72C4F9179009B3D81 /* PhotoAPI.swift */; };
		D1E8B1EA2C4F9557009B3D81 /* SearchPhotoViewModel.swift in Sources */ = {isa = PBXBuildFile; fileRef = D1E8B1E92C4F9557009B3D81 /* SearchPhotoViewModel.swift */; };
		D1E8B1EC2C4FD061009B3D81 /* TopicPhotoViewController.swift in Sources */ = {isa = PBXBuildFile; fileRef = D1E8B1EB2C4FD061009B3D81 /* TopicPhotoViewController.swift */; };
		D1E8B1EE2C4FD0A6009B3D81 /* PhotoViewController.swift in Sources */ = {isa = PBXBuildFile; fileRef = D1E8B1ED2C4FD0A6009B3D81 /* PhotoViewController.swift */; };
		D1E8B1F02C4FE21E009B3D81 /* TopicPhotoViewModel.swift in Sources */ = {isa = PBXBuildFile; fileRef = D1E8B1EF2C4FE21E009B3D81 /* TopicPhotoViewModel.swift */; };
/* End PBXBuildFile section */

/* Begin PBXCopyFilesBuildPhase section */
		D1E8B1712C4E17C1009B3D81 /* Embed Frameworks */ = {
			isa = PBXCopyFilesBuildPhase;
			buildActionMask = 2147483647;
			dstPath = "";
			dstSubfolderSpec = 10;
			files = (
				D1E8B1702C4E17C1009B3D81 /* RealmSwift in Embed Frameworks */,
			);
			name = "Embed Frameworks";
			runOnlyForDeploymentPostprocessing = 0;
		};
/* End PBXCopyFilesBuildPhase section */

/* Begin PBXFileReference section */
		D16D8BC22C50D84E00AF7677 /* LikesViewController.swift */ = {isa = PBXFileReference; lastKnownFileType = sourcecode.swift; path = LikesViewController.swift; sourceTree = "<group>"; };
		D16D8BC42C50DDE000AF7677 /* RealmModel.swift */ = {isa = PBXFileReference; lastKnownFileType = sourcecode.swift; path = RealmModel.swift; sourceTree = "<group>"; };
		D16D8BC62C50E1C700AF7677 /* LikeRepository.swift */ = {isa = PBXFileReference; lastKnownFileType = sourcecode.swift; path = LikeRepository.swift; sourceTree = "<group>"; };
		D16D8BC92C512DE900AF7677 /* LikesViewModel.swift */ = {isa = PBXFileReference; lastKnownFileType = sourcecode.swift; path = LikesViewModel.swift; sourceTree = "<group>"; };
		D16D8BCE2C514D3000AF7677 /* DetailPhotoViewController.swift */ = {isa = PBXFileReference; lastKnownFileType = sourcecode.swift; path = DetailPhotoViewController.swift; sourceTree = "<group>"; };
		D16D8BD02C51D4FC00AF7677 /* DetailPhotoViewModel.swift */ = {isa = PBXFileReference; lastKnownFileType = sourcecode.swift; path = DetailPhotoViewModel.swift; sourceTree = "<group>"; };
		D16D8BED2C52392A00AF7677 /* Extension+String.swift */ = {isa = PBXFileReference; lastKnownFileType = sourcecode.swift; path = "Extension+String.swift"; sourceTree = "<group>"; };
		D16D8BEF2C524D8000AF7677 /* Statistics.swift */ = {isa = PBXFileReference; lastKnownFileType = sourcecode.swift; path = Statistics.swift; sourceTree = "<group>"; };
		D16D8BF12C52628600AF7677 /* RandomPhotoViewController.swift */ = {isa = PBXFileReference; lastKnownFileType = sourcecode.swift; path = RandomPhotoViewController.swift; sourceTree = "<group>"; };
		D16D8BF32C5266E900AF7677 /* RandomPhotoCell.swift */ = {isa = PBXFileReference; lastKnownFileType = sourcecode.swift; path = RandomPhotoCell.swift; sourceTree = "<group>"; };
		D16D8BF52C526DE100AF7677 /* RandomPhotoViewModel.swift */ = {isa = PBXFileReference; lastKnownFileType = sourcecode.swift; path = RandomPhotoViewModel.swift; sourceTree = "<group>"; };
		D16D8BF72C527F5800AF7677 /* Topic.swift */ = {isa = PBXFileReference; lastKnownFileType = sourcecode.swift; path = Topic.swift; sourceTree = "<group>"; };
		D16D8BF92C534DF100AF7677 /* PhotoColor.swift */ = {isa = PBXFileReference; lastKnownFileType = sourcecode.swift; path = PhotoColor.swift; sourceTree = "<group>"; };
		D16D8BFB2C53610000AF7677 /* ColorFilterCell.swift */ = {isa = PBXFileReference; lastKnownFileType = sourcecode.swift; path = ColorFilterCell.swift; sourceTree = "<group>"; };
		D16D8C662C54C29500AF7677 /* AreaChart.swift */ = {isa = PBXFileReference; lastKnownFileType = sourcecode.swift; path = AreaChart.swift; sourceTree = "<group>"; };
		D16D8C682C561A3E00AF7677 /* Extension+FileManger.swift */ = {isa = PBXFileReference; lastKnownFileType = sourcecode.swift; path = "Extension+FileManger.swift"; sourceTree = "<group>"; };
		D1E8B1462C4E1568009B3D81 /* Snaps.app */ = {isa = PBXFileReference; explicitFileType = wrapper.application; includeInIndex = 0; path = Snaps.app; sourceTree = BUILT_PRODUCTS_DIR; };
		D1E8B1492C4E1568009B3D81 /* AppDelegate.swift */ = {isa = PBXFileReference; lastKnownFileType = sourcecode.swift; path = AppDelegate.swift; sourceTree = "<group>"; };
		D1E8B14B2C4E1568009B3D81 /* SceneDelegate.swift */ = {isa = PBXFileReference; lastKnownFileType = sourcecode.swift; path = SceneDelegate.swift; sourceTree = "<group>"; };
		D1E8B14D2C4E1568009B3D81 /* OnBoardingViewController.swift */ = {isa = PBXFileReference; lastKnownFileType = sourcecode.swift; path = OnBoardingViewController.swift; sourceTree = "<group>"; };
		D1E8B1522C4E1569009B3D81 /* Assets.xcassets */ = {isa = PBXFileReference; lastKnownFileType = folder.assetcatalog; path = Assets.xcassets; sourceTree = "<group>"; };
		D1E8B1552C4E1569009B3D81 /* Base */ = {isa = PBXFileReference; lastKnownFileType = file.storyboard; name = Base; path = Base.lproj/LaunchScreen.storyboard; sourceTree = "<group>"; };
		D1E8B1572C4E1569009B3D81 /* Info.plist */ = {isa = PBXFileReference; lastKnownFileType = text.plist.xml; path = Info.plist; sourceTree = "<group>"; };
		D1E8B15D2C4E161F009B3D81 /* .gitignore */ = {isa = PBXFileReference; lastKnownFileType = text; path = .gitignore; sourceTree = "<group>"; };
		D1E8B15F2C4E16A7009B3D81 /* APIKey.swift */ = {isa = PBXFileReference; lastKnownFileType = sourcecode.swift; path = APIKey.swift; sourceTree = "<group>"; };
		D1E8B1752C4E18DB009B3D81 /* ReuseIdentifier.swift */ = {isa = PBXFileReference; lastKnownFileType = sourcecode.swift; path = ReuseIdentifier.swift; sourceTree = "<group>"; };
		D1E8B1772C4E1996009B3D81 /* BaseViewController.swift */ = {isa = PBXFileReference; lastKnownFileType = sourcecode.swift; path = BaseViewController.swift; sourceTree = "<group>"; };
		D1E8B17A2C4E19C4009B3D81 /* Color.swift */ = {isa = PBXFileReference; lastKnownFileType = sourcecode.swift; path = Color.swift; sourceTree = "<group>"; };
		D1E8B17C2C4E1A89009B3D81 /* BaseCollectionViewCell.swift */ = {isa = PBXFileReference; lastKnownFileType = sourcecode.swift; path = BaseCollectionViewCell.swift; sourceTree = "<group>"; };
		D1E8B17E2C4E1F85009B3D81 /* Observable.swift */ = {isa = PBXFileReference; lastKnownFileType = sourcecode.swift; path = Observable.swift; sourceTree = "<group>"; };
		D1E8B1802C4E236E009B3D81 /* SceneManger.swift */ = {isa = PBXFileReference; lastKnownFileType = sourcecode.swift; path = SceneManger.swift; sourceTree = "<group>"; };
		D1E8B1832C4E2401009B3D81 /* UserDefaults.swift */ = {isa = PBXFileReference; lastKnownFileType = sourcecode.swift; path = UserDefaults.swift; sourceTree = "<group>"; };
		D1E8B1852C4E2463009B3D81 /* UserDefaultsManager.swift */ = {isa = PBXFileReference; lastKnownFileType = sourcecode.swift; path = UserDefaultsManager.swift; sourceTree = "<group>"; };
		D1E8B1882C4E2520009B3D81 /* User.swift */ = {isa = PBXFileReference; lastKnownFileType = sourcecode.swift; path = User.swift; sourceTree = "<group>"; };
		D1E8B18A2C4E25C8009B3D81 /* Image.swift */ = {isa = PBXFileReference; lastKnownFileType = sourcecode.swift; path = Image.swift; sourceTree = "<group>"; };
		D1E8B18D2C4E2D53009B3D81 /* CustomButton.swift */ = {isa = PBXFileReference; lastKnownFileType = sourcecode.swift; path = CustomButton.swift; sourceTree = "<group>"; };
		D1E8B1902C4E315E009B3D81 /* ProfileViewController.swift */ = {isa = PBXFileReference; lastKnownFileType = sourcecode.swift; path = ProfileViewController.swift; sourceTree = "<group>"; };
		D1E8B1922C4E3250009B3D81 /* CircleImageView.swift */ = {isa = PBXFileReference; lastKnownFileType = sourcecode.swift; path = CircleImageView.swift; sourceTree = "<group>"; };
		D1E8B1942C4E3293009B3D81 /* NicknameTextField.swift */ = {isa = PBXFileReference; lastKnownFileType = sourcecode.swift; path = NicknameTextField.swift; sourceTree = "<group>"; };
		D1E8B1972C4E3649009B3D81 /* ProfileViewModel.swift */ = {isa = PBXFileReference; lastKnownFileType = sourcecode.swift; path = ProfileViewModel.swift; sourceTree = "<group>"; };
		D1E8B19A2C4E367C009B3D81 /* TextFieldState.swift */ = {isa = PBXFileReference; lastKnownFileType = sourcecode.swift; path = TextFieldState.swift; sourceTree = "<group>"; };
		D1E8B19C2C4E36CB009B3D81 /* ValidationError.swift */ = {isa = PBXFileReference; lastKnownFileType = sourcecode.swift; path = ValidationError.swift; sourceTree = "<group>"; };
		D1E8B19E2C4E376A009B3D81 /* TabBarController.swift */ = {isa = PBXFileReference; lastKnownFileType = sourcecode.swift; path = TabBarController.swift; sourceTree = "<group>"; };
		D1E8B1A02C4E3F5D009B3D81 /* MBTIView.swift */ = {isa = PBXFileReference; lastKnownFileType = sourcecode.swift; path = MBTIView.swift; sourceTree = "<group>"; };
		D1E8B1A22C4E3FBA009B3D81 /* BaseView.swift */ = {isa = PBXFileReference; lastKnownFileType = sourcecode.swift; path = BaseView.swift; sourceTree = "<group>"; };
		D1E8B1A52C4E4845009B3D81 /* MBTICell.swift */ = {isa = PBXFileReference; lastKnownFileType = sourcecode.swift; path = MBTICell.swift; sourceTree = "<group>"; };
		D1E8B1A72C4E7FCA009B3D81 /* ProfileImageViewController.swift */ = {isa = PBXFileReference; lastKnownFileType = sourcecode.swift; path = ProfileImageViewController.swift; sourceTree = "<group>"; };
		D1E8B1A92C4E80B5009B3D81 /* ProfileImageCell.swift */ = {isa = PBXFileReference; lastKnownFileType = sourcecode.swift; path = ProfileImageCell.swift; sourceTree = "<group>"; };
		D1E8B1AB2C4E8123009B3D81 /* NaviTitle.swift */ = {isa = PBXFileReference; lastKnownFileType = sourcecode.swift; path = NaviTitle.swift; sourceTree = "<group>"; };
		D1E8B1AD2C4E81E0009B3D81 /* ProfileImageViewModel.swift */ = {isa = PBXFileReference; lastKnownFileType = sourcecode.swift; path = ProfileImageViewModel.swift; sourceTree = "<group>"; };
		D1E8B1AF2C4F2867009B3D81 /* SearchPhotoViewController.swift */ = {isa = PBXFileReference; lastKnownFileType = sourcecode.swift; path = SearchPhotoViewController.swift; sourceTree = "<group>"; };
		D1E8B1B12C4F3902009B3D81 /* PhotoCell.swift */ = {isa = PBXFileReference; lastKnownFileType = sourcecode.swift; path = PhotoCell.swift; sourceTree = "<group>"; };
		D1E8B1BA2C4F71FA009B3D81 /* Photos.swift */ = {isa = PBXFileReference; lastKnownFileType = sourcecode.swift; path = Photos.swift; sourceTree = "<group>"; };
		D1E8B1E32C4F913A009B3D81 /* NetworkManager.swift */ = {isa = PBXFileReference; lastKnownFileType = sourcecode.swift; path = NetworkManager.swift; sourceTree = "<group>"; };
		D1E8B1E52C4F914E009B3D81 /* APIError.swift */ = {isa = PBXFileReference; lastKnownFileType = sourcecode.swift; path = APIError.swift; sourceTree = "<group>"; };
		D1E8B1E72C4F9179009B3D81 /* PhotoAPI.swift */ = {isa = PBXFileReference; lastKnownFileType = sourcecode.swift; path = PhotoAPI.swift; sourceTree = "<group>"; };
		D1E8B1E92C4F9557009B3D81 /* SearchPhotoViewModel.swift */ = {isa = PBXFileReference; lastKnownFileType = sourcecode.swift; path = SearchPhotoViewModel.swift; sourceTree = "<group>"; };
		D1E8B1EB2C4FD061009B3D81 /* TopicPhotoViewController.swift */ = {isa = PBXFileReference; lastKnownFileType = sourcecode.swift; path = TopicPhotoViewController.swift; sourceTree = "<group>"; };
		D1E8B1ED2C4FD0A6009B3D81 /* PhotoViewController.swift */ = {isa = PBXFileReference; lastKnownFileType = sourcecode.swift; path = PhotoViewController.swift; sourceTree = "<group>"; };
		D1E8B1EF2C4FE21E009B3D81 /* TopicPhotoViewModel.swift */ = {isa = PBXFileReference; lastKnownFileType = sourcecode.swift; path = TopicPhotoViewModel.swift; sourceTree = "<group>"; };
/* End PBXFileReference section */

/* Begin PBXFrameworksBuildPhase section */
		D1E8B1432C4E1568009B3D81 /* Frameworks */ = {
			isa = PBXFrameworksBuildPhase;
			buildActionMask = 2147483647;
			files = (
				D1E8B1692C4E176E009B3D81 /* Kingfisher in Frameworks */,
				D1E8B16C2C4E1778009B3D81 /* Alamofire in Frameworks */,
				D1E8B1662C4E1764009B3D81 /* Toast in Frameworks */,
				D1E8B16F2C4E17A9009B3D81 /* RealmSwift in Frameworks */,
				D1E8B1632C4E175C009B3D81 /* SnapKit in Frameworks */,
			);
			runOnlyForDeploymentPostprocessing = 0;
		};
/* End PBXFrameworksBuildPhase section */

/* Begin PBXGroup section */
		D16D8BC82C50E55F00AF7677 /* Realm */ = {
			isa = PBXGroup;
			children = (
				D16D8BC42C50DDE000AF7677 /* RealmModel.swift */,
				D16D8BC62C50E1C700AF7677 /* LikeRepository.swift */,
			);
			path = Realm;
			sourceTree = "<group>";
		};
		D1E8B13D2C4E1568009B3D81 = {
			isa = PBXGroup;
			children = (
				D1E8B15D2C4E161F009B3D81 /* .gitignore */,
				D1E8B1482C4E1568009B3D81 /* Snaps */,
				D1E8B1472C4E1568009B3D81 /* Products */,
			);
			sourceTree = "<group>";
		};
		D1E8B1472C4E1568009B3D81 /* Products */ = {
			isa = PBXGroup;
			children = (
				D1E8B1462C4E1568009B3D81 /* Snaps.app */,
			);
			name = Products;
			sourceTree = "<group>";
		};
		D1E8B1482C4E1568009B3D81 /* Snaps */ = {
			isa = PBXGroup;
			children = (
				D1E8B1E22C4F9133009B3D81 /* Network */,
				D1E8B1992C4E3675009B3D81 /* ProfileValidation */,
				D1E8B1962C4E3642009B3D81 /* ViewModel */,
				D1E8B18C2C4E2D46009B3D81 /* View */,
				D1E8B1872C4E2511009B3D81 /* Model */,
				D1E8B1792C4E19BE009B3D81 /* Resource */,
				D1E8B1742C4E18C9009B3D81 /* API */,
				D1E8B1732C4E18C2009B3D81 /* Extension */,
				D1E8B1722C4E18BB009B3D81 /* Base */,
				D1E8B1492C4E1568009B3D81 /* AppDelegate.swift */,
				D1E8B14B2C4E1568009B3D81 /* SceneDelegate.swift */,
				D1E8B1522C4E1569009B3D81 /* Assets.xcassets */,
				D1E8B1542C4E1569009B3D81 /* LaunchScreen.storyboard */,
				D1E8B1572C4E1569009B3D81 /* Info.plist */,
			);
			path = Snaps;
			sourceTree = "<group>";
		};
		D1E8B1722C4E18BB009B3D81 /* Base */ = {
			isa = PBXGroup;
			children = (
				D1E8B1772C4E1996009B3D81 /* BaseViewController.swift */,
				D1E8B17C2C4E1A89009B3D81 /* BaseCollectionViewCell.swift */,
				D1E8B1A22C4E3FBA009B3D81 /* BaseView.swift */,
			);
			path = Base;
			sourceTree = "<group>";
		};
		D1E8B1732C4E18C2009B3D81 /* Extension */ = {
			isa = PBXGroup;
			children = (
				D1E8B1752C4E18DB009B3D81 /* ReuseIdentifier.swift */,
				D1E8B17E2C4E1F85009B3D81 /* Observable.swift */,
				D1E8B1802C4E236E009B3D81 /* SceneManger.swift */,
				D16D8BED2C52392A00AF7677 /* Extension+String.swift */,
				D16D8C682C561A3E00AF7677 /* Extension+FileManger.swift */,
			);
			path = Extension;
			sourceTree = "<group>";
		};
		D1E8B1742C4E18C9009B3D81 /* API */ = {
			isa = PBXGroup;
			children = (
				D1E8B15F2C4E16A7009B3D81 /* APIKey.swift */,
			);
			path = API;
			sourceTree = "<group>";
		};
		D1E8B1792C4E19BE009B3D81 /* Resource */ = {
			isa = PBXGroup;
			children = (
				D1E8B17A2C4E19C4009B3D81 /* Color.swift */,
				D1E8B18A2C4E25C8009B3D81 /* Image.swift */,
				D1E8B1AB2C4E8123009B3D81 /* NaviTitle.swift */,
			);
			path = Resource;
			sourceTree = "<group>";
		};
		D1E8B1822C4E23DA009B3D81 /* UserDefaults */ = {
			isa = PBXGroup;
			children = (
				D1E8B1832C4E2401009B3D81 /* UserDefaults.swift */,
				D1E8B1852C4E2463009B3D81 /* UserDefaultsManager.swift */,
			);
			path = UserDefaults;
			sourceTree = "<group>";
		};
		D1E8B1872C4E2511009B3D81 /* Model */ = {
			isa = PBXGroup;
			children = (
				D1E8B1822C4E23DA009B3D81 /* UserDefaults */,
				D16D8BC82C50E55F00AF7677 /* Realm */,
				D1E8B1882C4E2520009B3D81 /* User.swift */,
				D1E8B1BA2C4F71FA009B3D81 /* Photos.swift */,
				D16D8BEF2C524D8000AF7677 /* Statistics.swift */,
				D16D8BF72C527F5800AF7677 /* Topic.swift */,
				D16D8BF92C534DF100AF7677 /* PhotoColor.swift */,
			);
			path = Model;
			sourceTree = "<group>";
		};
		D1E8B18C2C4E2D46009B3D81 /* View */ = {
			isa = PBXGroup;
			children = (
				D1E8B18F2C4E3141009B3D81 /* Custom */,
				D1E8B1A42C4E482D009B3D81 /* Cell */,
				D1E8B14D2C4E1568009B3D81 /* OnBoardingViewController.swift */,
				D1E8B1902C4E315E009B3D81 /* ProfileViewController.swift */,
				D1E8B1A72C4E7FCA009B3D81 /* ProfileImageViewController.swift */,
				D1E8B1AF2C4F2867009B3D81 /* SearchPhotoViewController.swift */,
				D1E8B1EB2C4FD061009B3D81 /* TopicPhotoViewController.swift */,
				D16D8BC22C50D84E00AF7677 /* LikesViewController.swift */,
				D16D8BCE2C514D3000AF7677 /* DetailPhotoViewController.swift */,
				D16D8BF12C52628600AF7677 /* RandomPhotoViewController.swift */,
				D1E8B19E2C4E376A009B3D81 /* TabBarController.swift */,
				D1E8B1A02C4E3F5D009B3D81 /* MBTIView.swift */,
				D16D8C662C54C29500AF7677 /* AreaChart.swift */,
			);
			path = View;
			sourceTree = "<group>";
		};
		D1E8B18F2C4E3141009B3D81 /* Custom */ = {
			isa = PBXGroup;
			children = (
				D1E8B18D2C4E2D53009B3D81 /* CustomButton.swift */,
				D1E8B1922C4E3250009B3D81 /* CircleImageView.swift */,
				D1E8B1942C4E3293009B3D81 /* NicknameTextField.swift */,
				D1E8B1ED2C4FD0A6009B3D81 /* PhotoViewController.swift */,
			);
			path = Custom;
			sourceTree = "<group>";
		};
		D1E8B1962C4E3642009B3D81 /* ViewModel */ = {
			isa = PBXGroup;
			children = (
				D1E8B1972C4E3649009B3D81 /* ProfileViewModel.swift */,
				D1E8B1AD2C4E81E0009B3D81 /* ProfileImageViewModel.swift */,
				D1E8B1E92C4F9557009B3D81 /* SearchPhotoViewModel.swift */,
				D1E8B1EF2C4FE21E009B3D81 /* TopicPhotoViewModel.swift */,
				D16D8BC92C512DE900AF7677 /* LikesViewModel.swift */,
				D16D8BD02C51D4FC00AF7677 /* DetailPhotoViewModel.swift */,
				D16D8BF52C526DE100AF7677 /* RandomPhotoViewModel.swift */,
			);
			path = ViewModel;
			sourceTree = "<group>";
		};
		D1E8B1992C4E3675009B3D81 /* ProfileValidation */ = {
			isa = PBXGroup;
			children = (
				D1E8B19A2C4E367C009B3D81 /* TextFieldState.swift */,
				D1E8B19C2C4E36CB009B3D81 /* ValidationError.swift */,
			);
			path = ProfileValidation;
			sourceTree = "<group>";
		};
		D1E8B1A42C4E482D009B3D81 /* Cell */ = {
			isa = PBXGroup;
			children = (
				D1E8B1A52C4E4845009B3D81 /* MBTICell.swift */,
				D1E8B1A92C4E80B5009B3D81 /* ProfileImageCell.swift */,
				D1E8B1B12C4F3902009B3D81 /* PhotoCell.swift */,
				D16D8BF32C5266E900AF7677 /* RandomPhotoCell.swift */,
				D16D8BFB2C53610000AF7677 /* ColorFilterCell.swift */,
			);
			path = Cell;
			sourceTree = "<group>";
		};
		D1E8B1E22C4F9133009B3D81 /* Network */ = {
			isa = PBXGroup;
			children = (
				D1E8B1E32C4F913A009B3D81 /* NetworkManager.swift */,
				D1E8B1E52C4F914E009B3D81 /* APIError.swift */,
				D1E8B1E72C4F9179009B3D81 /* PhotoAPI.swift */,
			);
			path = Network;
			sourceTree = "<group>";
		};
/* End PBXGroup section */

/* Begin PBXNativeTarget section */
		D1E8B1452C4E1568009B3D81 /* Snaps */ = {
			isa = PBXNativeTarget;
			buildConfigurationList = D1E8B15A2C4E1569009B3D81 /* Build configuration list for PBXNativeTarget "Snaps" */;
			buildPhases = (
				D1E8B1422C4E1568009B3D81 /* Sources */,
				D1E8B1432C4E1568009B3D81 /* Frameworks */,
				D1E8B1442C4E1568009B3D81 /* Resources */,
				D1E8B1712C4E17C1009B3D81 /* Embed Frameworks */,
			);
			buildRules = (
			);
			dependencies = (
			);
			name = Snaps;
			packageProductDependencies = (
				D1E8B1622C4E175C009B3D81 /* SnapKit */,
				D1E8B1652C4E1764009B3D81 /* Toast */,
				D1E8B1682C4E176E009B3D81 /* Kingfisher */,
				D1E8B16B2C4E1778009B3D81 /* Alamofire */,
				D1E8B16E2C4E17A9009B3D81 /* RealmSwift */,
			);
			productName = Snaps;
			productReference = D1E8B1462C4E1568009B3D81 /* Snaps.app */;
			productType = "com.apple.product-type.application";
		};
/* End PBXNativeTarget section */

/* Begin PBXProject section */
		D1E8B13E2C4E1568009B3D81 /* Project object */ = {
			isa = PBXProject;
			attributes = {
				BuildIndependentTargetsInParallel = 1;
				LastSwiftUpdateCheck = 1540;
				LastUpgradeCheck = 1540;
				TargetAttributes = {
					D1E8B1452C4E1568009B3D81 = {
						CreatedOnToolsVersion = 15.4;
					};
				};
			};
			buildConfigurationList = D1E8B1412C4E1568009B3D81 /* Build configuration list for PBXProject "Snaps" */;
			compatibilityVersion = "Xcode 14.0";
			developmentRegion = en;
			hasScannedForEncodings = 0;
			knownRegions = (
				en,
				Base,
			);
			mainGroup = D1E8B13D2C4E1568009B3D81;
			packageReferences = (
				D1E8B1612C4E175C009B3D81 /* XCRemoteSwiftPackageReference "SnapKit" */,
				D1E8B1642C4E1764009B3D81 /* XCRemoteSwiftPackageReference "Toast-Swift" */,
				D1E8B1672C4E176E009B3D81 /* XCRemoteSwiftPackageReference "Kingfisher" */,
				D1E8B16A2C4E1778009B3D81 /* XCRemoteSwiftPackageReference "Alamofire" */,
				D1E8B16D2C4E17A9009B3D81 /* XCRemoteSwiftPackageReference "realm-swift" */,
			);
			productRefGroup = D1E8B1472C4E1568009B3D81 /* Products */;
			projectDirPath = "";
			projectRoot = "";
			targets = (
				D1E8B1452C4E1568009B3D81 /* Snaps */,
			);
		};
/* End PBXProject section */

/* Begin PBXResourcesBuildPhase section */
		D1E8B1442C4E1568009B3D81 /* Resources */ = {
			isa = PBXResourcesBuildPhase;
			buildActionMask = 2147483647;
			files = (
				D1E8B15E2C4E161F009B3D81 /* .gitignore in Resources */,
				D1E8B1532C4E1569009B3D81 /* Assets.xcassets in Resources */,
				D1E8B1562C4E1569009B3D81 /* Base in Resources */,
			);
			runOnlyForDeploymentPostprocessing = 0;
		};
/* End PBXResourcesBuildPhase section */

/* Begin PBXSourcesBuildPhase section */
		D1E8B1422C4E1568009B3D81 /* Sources */ = {
			isa = PBXSourcesBuildPhase;
			buildActionMask = 2147483647;
			files = (
				D1E8B1892C4E2520009B3D81 /* User.swift in Sources */,
				D1E8B1982C4E3649009B3D81 /* ProfileViewModel.swift in Sources */,
				D1E8B19D2C4E36CB009B3D81 /* ValidationError.swift in Sources */,
				D1E8B1E62C4F914E009B3D81 /* APIError.swift in Sources */,
				D16D8BF22C52628600AF7677 /* RandomPhotoViewController.swift in Sources */,
				D1E8B1952C4E3293009B3D81 /* NicknameTextField.swift in Sources */,
				D1E8B1BB2C4F71FA009B3D81 /* Photos.swift in Sources */,
				D16D8BC72C50E1C700AF7677 /* LikeRepository.swift in Sources */,
				D1E8B18E2C4E2D53009B3D81 /* CustomButton.swift in Sources */,
				D1E8B19B2C4E367C009B3D81 /* TextFieldState.swift in Sources */,
				D1E8B1F02C4FE21E009B3D81 /* TopicPhotoViewModel.swift in Sources */,
				D1E8B14E2C4E1568009B3D81 /* OnBoardingViewController.swift in Sources */,
				D1E8B17D2C4E1A89009B3D81 /* BaseCollectionViewCell.swift in Sources */,
				D16D8BC32C50D84E00AF7677 /* LikesViewController.swift in Sources */,
				D1E8B1862C4E2463009B3D81 /* UserDefaultsManager.swift in Sources */,
				D1E8B1EC2C4FD061009B3D81 /* TopicPhotoViewController.swift in Sources */,
				D16D8BF82C527F5800AF7677 /* Topic.swift in Sources */,
				D1E8B14A2C4E1568009B3D81 /* AppDelegate.swift in Sources */,
				D1E8B1912C4E315E009B3D81 /* ProfileViewController.swift in Sources */,
				D1E8B1842C4E2401009B3D81 /* UserDefaults.swift in Sources */,
				D1E8B1932C4E3250009B3D81 /* CircleImageView.swift in Sources */,
				D1E8B1B02C4F2867009B3D81 /* SearchPhotoViewController.swift in Sources */,
				D1E8B1EE2C4FD0A6009B3D81 /* PhotoViewController.swift in Sources */,
				D1E8B1E42C4F913A009B3D81 /* NetworkManager.swift in Sources */,
				D16D8BD12C51D4FC00AF7677 /* DetailPhotoViewModel.swift in Sources */,
				D16D8C692C561A3E00AF7677 /* Extension+FileManger.swift in Sources */,
				D1E8B19F2C4E376A009B3D81 /* TabBarController.swift in Sources */,
				D1E8B1E82C4F9179009B3D81 /* PhotoAPI.swift in Sources */,
				D1E8B1AC2C4E8123009B3D81 /* NaviTitle.swift in Sources */,
				D1E8B17B2C4E19C4009B3D81 /* Color.swift in Sources */,
				D16D8BEE2C52392A00AF7677 /* Extension+String.swift in Sources */,
				D16D8BCF2C514D3000AF7677 /* DetailPhotoViewController.swift in Sources */,
				D16D8BF62C526DE100AF7677 /* RandomPhotoViewModel.swift in Sources */,
				D1E8B1A32C4E3FBA009B3D81 /* BaseView.swift in Sources */,
				D16D8BCA2C512DE900AF7677 /* LikesViewModel.swift in Sources */,
				D1E8B1A82C4E7FCA009B3D81 /* ProfileImageViewController.swift in Sources */,
				D1E8B1AE2C4E81E0009B3D81 /* ProfileImageViewModel.swift in Sources */,
				D16D8BF42C5266E900AF7677 /* RandomPhotoCell.swift in Sources */,
				D16D8BC52C50DDE000AF7677 /* RealmModel.swift in Sources */,
				D16D8BF02C524D8000AF7677 /* Statistics.swift in Sources */,
				D16D8BFC2C53610000AF7677 /* ColorFilterCell.swift in Sources */,
				D1E8B1AA2C4E80B5009B3D81 /* ProfileImageCell.swift in Sources */,
				D1E8B1EA2C4F9557009B3D81 /* SearchPhotoViewModel.swift in Sources */,
				D1E8B18B2C4E25C8009B3D81 /* Image.swift in Sources */,
				D1E8B17F2C4E1F85009B3D81 /* Observable.swift in Sources */,
				D1E8B1A62C4E4845009B3D81 /* MBTICell.swift in Sources */,
				D1E8B1B22C4F3902009B3D81 /* PhotoCell.swift in Sources */,
				D1E8B1A12C4E3F5D009B3D81 /* MBTIView.swift in Sources */,
				D1E8B1602C4E16A7009B3D81 /* APIKey.swift in Sources */,
				D1E8B1762C4E18DB009B3D81 /* ReuseIdentifier.swift in Sources */,
				D16D8BFA2C534DF100AF7677 /* PhotoColor.swift in Sources */,
				D1E8B14C2C4E1568009B3D81 /* SceneDelegate.swift in Sources */,
				D16D8C672C54C29500AF7677 /* AreaChart.swift in Sources */,
				D1E8B1812C4E236E009B3D81 /* SceneManger.swift in Sources */,
				D1E8B1782C4E1996009B3D81 /* BaseViewController.swift in Sources */,
			);
			runOnlyForDeploymentPostprocessing = 0;
		};
/* End PBXSourcesBuildPhase section */

/* Begin PBXVariantGroup section */
		D1E8B1542C4E1569009B3D81 /* LaunchScreen.storyboard */ = {
			isa = PBXVariantGroup;
			children = (
				D1E8B1552C4E1569009B3D81 /* Base */,
			);
			name = LaunchScreen.storyboard;
			sourceTree = "<group>";
		};
/* End PBXVariantGroup section */

/* Begin XCBuildConfiguration section */
		D1E8B1582C4E1569009B3D81 /* Debug */ = {
			isa = XCBuildConfiguration;
			buildSettings = {
				ALWAYS_SEARCH_USER_PATHS = NO;
				ASSETCATALOG_COMPILER_GENERATE_SWIFT_ASSET_SYMBOL_EXTENSIONS = YES;
				CLANG_ANALYZER_NONNULL = YES;
				CLANG_ANALYZER_NUMBER_OBJECT_CONVERSION = YES_AGGRESSIVE;
				CLANG_CXX_LANGUAGE_STANDARD = "gnu++20";
				CLANG_ENABLE_MODULES = YES;
				CLANG_ENABLE_OBJC_ARC = YES;
				CLANG_ENABLE_OBJC_WEAK = YES;
				CLANG_WARN_BLOCK_CAPTURE_AUTORELEASING = YES;
				CLANG_WARN_BOOL_CONVERSION = YES;
				CLANG_WARN_COMMA = YES;
				CLANG_WARN_CONSTANT_CONVERSION = YES;
				CLANG_WARN_DEPRECATED_OBJC_IMPLEMENTATIONS = YES;
				CLANG_WARN_DIRECT_OBJC_ISA_USAGE = YES_ERROR;
				CLANG_WARN_DOCUMENTATION_COMMENTS = YES;
				CLANG_WARN_EMPTY_BODY = YES;
				CLANG_WARN_ENUM_CONVERSION = YES;
				CLANG_WARN_INFINITE_RECURSION = YES;
				CLANG_WARN_INT_CONVERSION = YES;
				CLANG_WARN_NON_LITERAL_NULL_CONVERSION = YES;
				CLANG_WARN_OBJC_IMPLICIT_RETAIN_SELF = YES;
				CLANG_WARN_OBJC_LITERAL_CONVERSION = YES;
				CLANG_WARN_OBJC_ROOT_CLASS = YES_ERROR;
				CLANG_WARN_QUOTED_INCLUDE_IN_FRAMEWORK_HEADER = YES;
				CLANG_WARN_RANGE_LOOP_ANALYSIS = YES;
				CLANG_WARN_STRICT_PROTOTYPES = YES;
				CLANG_WARN_SUSPICIOUS_MOVE = YES;
				CLANG_WARN_UNGUARDED_AVAILABILITY = YES_AGGRESSIVE;
				CLANG_WARN_UNREACHABLE_CODE = YES;
				CLANG_WARN__DUPLICATE_METHOD_MATCH = YES;
				COPY_PHASE_STRIP = NO;
				DEBUG_INFORMATION_FORMAT = dwarf;
				ENABLE_STRICT_OBJC_MSGSEND = YES;
				ENABLE_TESTABILITY = YES;
				ENABLE_USER_SCRIPT_SANDBOXING = YES;
				GCC_C_LANGUAGE_STANDARD = gnu17;
				GCC_DYNAMIC_NO_PIC = NO;
				GCC_NO_COMMON_BLOCKS = YES;
				GCC_OPTIMIZATION_LEVEL = 0;
				GCC_PREPROCESSOR_DEFINITIONS = (
					"DEBUG=1",
					"$(inherited)",
				);
				GCC_WARN_64_TO_32_BIT_CONVERSION = YES;
				GCC_WARN_ABOUT_RETURN_TYPE = YES_ERROR;
				GCC_WARN_UNDECLARED_SELECTOR = YES;
				GCC_WARN_UNINITIALIZED_AUTOS = YES_AGGRESSIVE;
				GCC_WARN_UNUSED_FUNCTION = YES;
				GCC_WARN_UNUSED_VARIABLE = YES;
				IPHONEOS_DEPLOYMENT_TARGET = 17.5;
				LOCALIZATION_PREFERS_STRING_CATALOGS = YES;
				MTL_ENABLE_DEBUG_INFO = INCLUDE_SOURCE;
				MTL_FAST_MATH = YES;
				ONLY_ACTIVE_ARCH = YES;
				SDKROOT = iphoneos;
				SWIFT_ACTIVE_COMPILATION_CONDITIONS = "DEBUG $(inherited)";
				SWIFT_OPTIMIZATION_LEVEL = "-Onone";
			};
			name = Debug;
		};
		D1E8B1592C4E1569009B3D81 /* Release */ = {
			isa = XCBuildConfiguration;
			buildSettings = {
				ALWAYS_SEARCH_USER_PATHS = NO;
				ASSETCATALOG_COMPILER_GENERATE_SWIFT_ASSET_SYMBOL_EXTENSIONS = YES;
				CLANG_ANALYZER_NONNULL = YES;
				CLANG_ANALYZER_NUMBER_OBJECT_CONVERSION = YES_AGGRESSIVE;
				CLANG_CXX_LANGUAGE_STANDARD = "gnu++20";
				CLANG_ENABLE_MODULES = YES;
				CLANG_ENABLE_OBJC_ARC = YES;
				CLANG_ENABLE_OBJC_WEAK = YES;
				CLANG_WARN_BLOCK_CAPTURE_AUTORELEASING = YES;
				CLANG_WARN_BOOL_CONVERSION = YES;
				CLANG_WARN_COMMA = YES;
				CLANG_WARN_CONSTANT_CONVERSION = YES;
				CLANG_WARN_DEPRECATED_OBJC_IMPLEMENTATIONS = YES;
				CLANG_WARN_DIRECT_OBJC_ISA_USAGE = YES_ERROR;
				CLANG_WARN_DOCUMENTATION_COMMENTS = YES;
				CLANG_WARN_EMPTY_BODY = YES;
				CLANG_WARN_ENUM_CONVERSION = YES;
				CLANG_WARN_INFINITE_RECURSION = YES;
				CLANG_WARN_INT_CONVERSION = YES;
				CLANG_WARN_NON_LITERAL_NULL_CONVERSION = YES;
				CLANG_WARN_OBJC_IMPLICIT_RETAIN_SELF = YES;
				CLANG_WARN_OBJC_LITERAL_CONVERSION = YES;
				CLANG_WARN_OBJC_ROOT_CLASS = YES_ERROR;
				CLANG_WARN_QUOTED_INCLUDE_IN_FRAMEWORK_HEADER = YES;
				CLANG_WARN_RANGE_LOOP_ANALYSIS = YES;
				CLANG_WARN_STRICT_PROTOTYPES = YES;
				CLANG_WARN_SUSPICIOUS_MOVE = YES;
				CLANG_WARN_UNGUARDED_AVAILABILITY = YES_AGGRESSIVE;
				CLANG_WARN_UNREACHABLE_CODE = YES;
				CLANG_WARN__DUPLICATE_METHOD_MATCH = YES;
				COPY_PHASE_STRIP = NO;
				DEBUG_INFORMATION_FORMAT = "dwarf-with-dsym";
				ENABLE_NS_ASSERTIONS = NO;
				ENABLE_STRICT_OBJC_MSGSEND = YES;
				ENABLE_USER_SCRIPT_SANDBOXING = YES;
				GCC_C_LANGUAGE_STANDARD = gnu17;
				GCC_NO_COMMON_BLOCKS = YES;
				GCC_WARN_64_TO_32_BIT_CONVERSION = YES;
				GCC_WARN_ABOUT_RETURN_TYPE = YES_ERROR;
				GCC_WARN_UNDECLARED_SELECTOR = YES;
				GCC_WARN_UNINITIALIZED_AUTOS = YES_AGGRESSIVE;
				GCC_WARN_UNUSED_FUNCTION = YES;
				GCC_WARN_UNUSED_VARIABLE = YES;
				IPHONEOS_DEPLOYMENT_TARGET = 17.5;
				LOCALIZATION_PREFERS_STRING_CATALOGS = YES;
				MTL_ENABLE_DEBUG_INFO = NO;
				MTL_FAST_MATH = YES;
				SDKROOT = iphoneos;
				SWIFT_COMPILATION_MODE = wholemodule;
				VALIDATE_PRODUCT = YES;
			};
			name = Release;
		};
		D1E8B15B2C4E1569009B3D81 /* Debug */ = {
			isa = XCBuildConfiguration;
			buildSettings = {
				ASSETCATALOG_COMPILER_APPICON_NAME = AppIcon;
				ASSETCATALOG_COMPILER_GLOBAL_ACCENT_COLOR_NAME = AccentColor;
				CODE_SIGN_STYLE = Automatic;
				CURRENT_PROJECT_VERSION = 1;
				DEVELOPMENT_TEAM = "";
				GENERATE_INFOPLIST_FILE = YES;
				INFOPLIST_FILE = Snaps/Info.plist;
				INFOPLIST_KEY_CFBundleDisplayName = "조규연";
				INFOPLIST_KEY_UIApplicationSupportsIndirectInputEvents = YES;
				INFOPLIST_KEY_UILaunchStoryboardName = LaunchScreen;
				INFOPLIST_KEY_UISupportedInterfaceOrientations = UIInterfaceOrientationPortrait;
				INFOPLIST_KEY_UISupportedInterfaceOrientations_iPad = UIInterfaceOrientationPortrait;
				IPHONEOS_DEPLOYMENT_TARGET = 15.0;
				LD_RUNPATH_SEARCH_PATHS = (
					"$(inherited)",
					"@executable_path/Frameworks",
				);
				MARKETING_VERSION = 1.0;
				PRODUCT_BUNDLE_IDENTIFIER = Jo.Snaps;
				PRODUCT_NAME = "$(TARGET_NAME)";
				SUPPORTED_PLATFORMS = "iphoneos iphonesimulator";
				SUPPORTS_MACCATALYST = NO;
				SUPPORTS_MAC_DESIGNED_FOR_IPHONE_IPAD = NO;
				SUPPORTS_XR_DESIGNED_FOR_IPHONE_IPAD = NO;
				SWIFT_EMIT_LOC_STRINGS = YES;
				SWIFT_VERSION = 5.0;
				TARGETED_DEVICE_FAMILY = 1;
			};
			name = Debug;
		};
		D1E8B15C2C4E1569009B3D81 /* Release */ = {
			isa = XCBuildConfiguration;
			buildSettings = {
				ASSETCATALOG_COMPILER_APPICON_NAME = AppIcon;
				ASSETCATALOG_COMPILER_GLOBAL_ACCENT_COLOR_NAME = AccentColor;
				CODE_SIGN_STYLE = Automatic;
				CURRENT_PROJECT_VERSION = 1;
				DEVELOPMENT_TEAM = "";
				GENERATE_INFOPLIST_FILE = YES;
				INFOPLIST_FILE = Snaps/Info.plist;
				INFOPLIST_KEY_CFBundleDisplayName = "조규연";
				INFOPLIST_KEY_UIApplicationSupportsIndirectInputEvents = YES;
				INFOPLIST_KEY_UILaunchStoryboardName = LaunchScreen;
				INFOPLIST_KEY_UISupportedInterfaceOrientations = UIInterfaceOrientationPortrait;
				INFOPLIST_KEY_UISupportedInterfaceOrientations_iPad = UIInterfaceOrientationPortrait;
				IPHONEOS_DEPLOYMENT_TARGET = 15.0;
				LD_RUNPATH_SEARCH_PATHS = (
					"$(inherited)",
					"@executable_path/Frameworks",
				);
				MARKETING_VERSION = 1.0;
				PRODUCT_BUNDLE_IDENTIFIER = Jo.Snaps;
				PRODUCT_NAME = "$(TARGET_NAME)";
				SUPPORTED_PLATFORMS = "iphoneos iphonesimulator";
				SUPPORTS_MACCATALYST = NO;
				SUPPORTS_MAC_DESIGNED_FOR_IPHONE_IPAD = NO;
				SUPPORTS_XR_DESIGNED_FOR_IPHONE_IPAD = NO;
				SWIFT_EMIT_LOC_STRINGS = YES;
				SWIFT_VERSION = 5.0;
				TARGETED_DEVICE_FAMILY = 1;
			};
			name = Release;
		};
/* End XCBuildConfiguration section */

/* Begin XCConfigurationList section */
		D1E8B1412C4E1568009B3D81 /* Build configuration list for PBXProject "Snaps" */ = {
			isa = XCConfigurationList;
			buildConfigurations = (
				D1E8B1582C4E1569009B3D81 /* Debug */,
				D1E8B1592C4E1569009B3D81 /* Release */,
			);
			defaultConfigurationIsVisible = 0;
			defaultConfigurationName = Release;
		};
		D1E8B15A2C4E1569009B3D81 /* Build configuration list for PBXNativeTarget "Snaps" */ = {
			isa = XCConfigurationList;
			buildConfigurations = (
				D1E8B15B2C4E1569009B3D81 /* Debug */,
				D1E8B15C2C4E1569009B3D81 /* Release */,
			);
			defaultConfigurationIsVisible = 0;
			defaultConfigurationName = Release;
		};
/* End XCConfigurationList section */

/* Begin XCRemoteSwiftPackageReference section */
		D1E8B1612C4E175C009B3D81 /* XCRemoteSwiftPackageReference "SnapKit" */ = {
			isa = XCRemoteSwiftPackageReference;
			repositoryURL = "https://github.com/SnapKit/SnapKit.git";
			requirement = {
				kind = upToNextMajorVersion;
				minimumVersion = 5.7.1;
			};
		};
		D1E8B1642C4E1764009B3D81 /* XCRemoteSwiftPackageReference "Toast-Swift" */ = {
			isa = XCRemoteSwiftPackageReference;
			repositoryURL = "https://github.com/scalessec/Toast-Swift.git";
			requirement = {
				kind = upToNextMajorVersion;
				minimumVersion = 5.1.1;
			};
		};
		D1E8B1672C4E176E009B3D81 /* XCRemoteSwiftPackageReference "Kingfisher" */ = {
			isa = XCRemoteSwiftPackageReference;
			repositoryURL = "https://github.com/onevcat/Kingfisher.git";
			requirement = {
				kind = upToNextMajorVersion;
				minimumVersion = 7.12.0;
			};
		};
		D1E8B16A2C4E1778009B3D81 /* XCRemoteSwiftPackageReference "Alamofire" */ = {
			isa = XCRemoteSwiftPackageReference;
			repositoryURL = "https://github.com/Alamofire/Alamofire.git";
			requirement = {
				kind = upToNextMajorVersion;
				minimumVersion = 5.9.1;
			};
		};
		D1E8B16D2C4E17A9009B3D81 /* XCRemoteSwiftPackageReference "realm-swift" */ = {
			isa = XCRemoteSwiftPackageReference;
			repositoryURL = "https://github.com/realm/realm-swift.git";
			requirement = {
				kind = exactVersion;
				version = 10.52.2;
			};
		};
/* End XCRemoteSwiftPackageReference section */

/* Begin XCSwiftPackageProductDependency section */
		D1E8B1622C4E175C009B3D81 /* SnapKit */ = {
			isa = XCSwiftPackageProductDependency;
			package = D1E8B1612C4E175C009B3D81 /* XCRemoteSwiftPackageReference "SnapKit" */;
			productName = SnapKit;
		};
		D1E8B1652C4E1764009B3D81 /* Toast */ = {
			isa = XCSwiftPackageProductDependency;
			package = D1E8B1642C4E1764009B3D81 /* XCRemoteSwiftPackageReference "Toast-Swift" */;
			productName = Toast;
		};
		D1E8B1682C4E176E009B3D81 /* Kingfisher */ = {
			isa = XCSwiftPackageProductDependency;
			package = D1E8B1672C4E176E009B3D81 /* XCRemoteSwiftPackageReference "Kingfisher" */;
			productName = Kingfisher;
		};
		D1E8B16B2C4E1778009B3D81 /* Alamofire */ = {
			isa = XCSwiftPackageProductDependency;
			package = D1E8B16A2C4E1778009B3D81 /* XCRemoteSwiftPackageReference "Alamofire" */;
			productName = Alamofire;
		};
		D1E8B16E2C4E17A9009B3D81 /* RealmSwift */ = {
			isa = XCSwiftPackageProductDependency;
			package = D1E8B16D2C4E17A9009B3D81 /* XCRemoteSwiftPackageReference "realm-swift" */;
			productName = RealmSwift;
		};
/* End XCSwiftPackageProductDependency section */
	};
	rootObject = D1E8B13E2C4E1568009B3D81 /* Project object */;
}
